
Microsoft Visual Studio Solution File, Format Version 12.00
# Visual Studio 15
VisualStudioVersion = 15.0.28010.2036
MinimumVisualStudioVersion = 10.0.40219.1
Project("{8BC9CEB8-8B4A-11D0-8D11-00A0C91BC942}") = "P08", "P08\P08.vcxproj", "{C9A1D072-A1AF-4036-ACFB-BD166AE2DCCD}"
EndProject
Global
	GlobalSection(SolutionConfigurationPlatforms) = preSolution
		Debug|x64 = Debug|x64
		Debug|x86 = Debug|x86
		Release|x64 = Release|x64
		Release|x86 = Release|x86
	EndGlobalSection
	GlobalSection(ProjectConfigurationPlatforms) = postSolution
		{C9A1D072-A1AF-4036-ACFB-BD166AE2DCCD}.Debug|x64.ActiveCfg = Debug|x64
		{C9A1D072-A1AF-4036-ACFB-BD166AE2DCCD}.Debug|x64.Build.0 = Debug|x64
		{C9A1D072-A1AF-4036-ACFB-BD166AE2DCCD}.Debug|x86.ActiveCfg = Debug|Win32
		{C9A1D072-A1AF-4036-ACFB-BD166AE2DCCD}.Debug|x86.Build.0 = Debug|Win32
		{C9A1D072-A1AF-4036-ACFB-BD166AE2DCCD}.Release|x64.ActiveCfg = Release|x64
		{C9A1D072-A1AF-4036-ACFB-BD166AE2DCCD}.Release|x64.Build.0 = Release|x64
		{C9A1D072-A1AF-4036-ACFB-BD166AE2DCCD}.Release|x86.ActiveCfg = Release|Win32
		{C9A1D072-A1AF-4036-ACFB-BD166AE2DCCD}.Release|x86.Build.0 = Release|Win32
	EndGlobalSection
	GlobalSection(SolutionProperties) = preSolution
		HideSolutionNode = FALSE
	EndGlobalSection
	GlobalSection(ExtensibilityGlobals) = postSolution
		SolutionGuid = {4838D8FD-BA15-4473-BBC2-99A477EB62F0}
	EndGlobalSection
EndGlobal
