
Microsoft Visual Studio Solution File, Format Version 12.00
# Visual Studio 15
VisualStudioVersion = 15.0.28010.2036
MinimumVisualStudioVersion = 10.0.40219.1
Project("{8BC9CEB8-8B4A-11D0-8D11-00A0C91BC942}") = "P04", "P04\P04.vcxproj", "{DAE3E624-5C75-4AC9-962C-BEF94D601905}"
EndProject
Global
	GlobalSection(SolutionConfigurationPlatforms) = preSolution
		Debug|x64 = Debug|x64
		Debug|x86 = Debug|x86
		Release|x64 = Release|x64
		Release|x86 = Release|x86
	EndGlobalSection
	GlobalSection(ProjectConfigurationPlatforms) = postSolution
		{DAE3E624-5C75-4AC9-962C-BEF94D601905}.Debug|x64.ActiveCfg = Debug|x64
		{DAE3E624-5C75-4AC9-962C-BEF94D601905}.Debug|x64.Build.0 = Debug|x64
		{DAE3E624-5C75-4AC9-962C-BEF94D601905}.Debug|x86.ActiveCfg = Debug|Win32
		{DAE3E624-5C75-4AC9-962C-BEF94D601905}.Debug|x86.Build.0 = Debug|Win32
		{DAE3E624-5C75-4AC9-962C-BEF94D601905}.Release|x64.ActiveCfg = Release|x64
		{DAE3E624-5C75-4AC9-962C-BEF94D601905}.Release|x64.Build.0 = Release|x64
		{DAE3E624-5C75-4AC9-962C-BEF94D601905}.Release|x86.ActiveCfg = Release|Win32
		{DAE3E624-5C75-4AC9-962C-BEF94D601905}.Release|x86.Build.0 = Release|Win32
	EndGlobalSection
	GlobalSection(SolutionProperties) = preSolution
		HideSolutionNode = FALSE
	EndGlobalSection
	GlobalSection(ExtensibilityGlobals) = postSolution
		SolutionGuid = {F1ACEFF3-2971-4A26-9627-D5E8C82858A5}
	EndGlobalSection
EndGlobal
